
Microsoft Visual Studio Solution File, Format Version 12.00
# Visual Studio 2012
Project("{FAE04EC0-301F-11D3-BF4B-00C04F79EFBC}") = "ExampleCLI", "ExampleServer\ExampleCLI.csproj", "{4368F236-3E49-4DE2-923E-ECBD234514DD}"
EndProject
Project("{FAE04EC0-301F-11D3-BF4B-00C04F79EFBC}") = "HTTPServer", "HTTPServer\HTTPServer.csproj", "{E34FE581-47F5-41E4-9740-6BCC7BEC77B8}"
EndProject
Project("{FAE04EC0-301F-11D3-BF4B-00C04F79EFBC}") = "KSPServerPingPlugin", "KSPServerPingPlugin\KSPServerPingPlugin.csproj", "{2B2E0A1E-AB24-4F71-A402-A465B50F432B}"
EndProject
Global
	GlobalSection(SolutionConfigurationPlatforms) = preSolution
		Debug|Any CPU = Debug|Any CPU
		Release|Any CPU = Release|Any CPU
	EndGlobalSection
	GlobalSection(ProjectConfigurationPlatforms) = postSolution
		{4368F236-3E49-4DE2-923E-ECBD234514DD}.Debug|Any CPU.ActiveCfg = Debug|Any CPU
		{4368F236-3E49-4DE2-923E-ECBD234514DD}.Debug|Any CPU.Build.0 = Debug|Any CPU
		{4368F236-3E49-4DE2-923E-ECBD234514DD}.Release|Any CPU.ActiveCfg = Release|Any CPU
		{4368F236-3E49-4DE2-923E-ECBD234514DD}.Release|Any CPU.Build.0 = Release|Any CPU
		{E34FE581-47F5-41E4-9740-6BCC7BEC77B8}.Debug|Any CPU.ActiveCfg = Debug|Any CPU
		{E34FE581-47F5-41E4-9740-6BCC7BEC77B8}.Debug|Any CPU.Build.0 = Debug|Any CPU
		{E34FE581-47F5-41E4-9740-6BCC7BEC77B8}.Release|Any CPU.ActiveCfg = Release|Any CPU
		{E34FE581-47F5-41E4-9740-6BCC7BEC77B8}.Release|Any CPU.Build.0 = Release|Any CPU
		{2B2E0A1E-AB24-4F71-A402-A465B50F432B}.Debug|Any CPU.ActiveCfg = Debug|Any CPU
		{2B2E0A1E-AB24-4F71-A402-A465B50F432B}.Debug|Any CPU.Build.0 = Debug|Any CPU
		{2B2E0A1E-AB24-4F71-A402-A465B50F432B}.Release|Any CPU.ActiveCfg = Release|Any CPU
		{2B2E0A1E-AB24-4F71-A402-A465B50F432B}.Release|Any CPU.Build.0 = Release|Any CPU
	EndGlobalSection
EndGlobal
